
Microsoft Visual Studio Solution File, Format Version 12.00
# Visual Studio 15
VisualStudioVersion = 15.0.28307.645
MinimumVisualStudioVersion = 10.0.40219.1
Project("{FAE04EC0-301F-11D3-BF4B-00C04F79EFBC}") = "ghGear", "ghGear\ghGear.csproj", "{B9739588-4B96-472E-834A-D0C7A0C89385}"
EndProject
Global
	GlobalSection(SolutionConfigurationPlatforms) = preSolution
		Debug|Any CPU = Debug|Any CPU
		Release|Any CPU = Release|Any CPU
	EndGlobalSection
	GlobalSection(ProjectConfigurationPlatforms) = postSolution
		{B9739588-4B96-472E-834A-D0C7A0C89385}.Debug|Any CPU.ActiveCfg = Debug|Any CPU
		{B9739588-4B96-472E-834A-D0C7A0C89385}.Debug|Any CPU.Build.0 = Debug|Any CPU
		{B9739588-4B96-472E-834A-D0C7A0C89385}.Release|Any CPU.ActiveCfg = Release|Any CPU
		{B9739588-4B96-472E-834A-D0C7A0C89385}.Release|Any CPU.Build.0 = Release|Any CPU
	EndGlobalSection
	GlobalSection(SolutionProperties) = preSolution
		HideSolutionNode = FALSE
	EndGlobalSection
	GlobalSection(ExtensibilityGlobals) = postSolution
		SolutionGuid = {67299ABF-B61C-4FCC-9383-FB802922453C}
	EndGlobalSection
EndGlobal
